
Microsoft Visual Studio Solution File, Format Version 12.00
# Visual Studio Version 17
VisualStudioVersion = 17.6.33801.468
MinimumVisualStudioVersion = 10.0.40219.1
Project("{FAE04EC0-301F-11D3-BF4B-00C04F79EFBC}") = "sealed_", "sealed_\sealed_.csproj", "{3FC7A9AC-E349-4FB6-9284-8C75A22814E7}"
EndProject
Global
	GlobalSection(SolutionConfigurationPlatforms) = preSolution
		Debug|Any CPU = Debug|Any CPU
		Release|Any CPU = Release|Any CPU
	EndGlobalSection
	GlobalSection(ProjectConfigurationPlatforms) = postSolution
		{3FC7A9AC-E349-4FB6-9284-8C75A22814E7}.Debug|Any CPU.ActiveCfg = Debug|Any CPU
		{3FC7A9AC-E349-4FB6-9284-8C75A22814E7}.Debug|Any CPU.Build.0 = Debug|Any CPU
		{3FC7A9AC-E349-4FB6-9284-8C75A22814E7}.Release|Any CPU.ActiveCfg = Release|Any CPU
		{3FC7A9AC-E349-4FB6-9284-8C75A22814E7}.Release|Any CPU.Build.0 = Release|Any CPU
	EndGlobalSection
	GlobalSection(SolutionProperties) = preSolution
		HideSolutionNode = FALSE
	EndGlobalSection
	GlobalSection(ExtensibilityGlobals) = postSolution
		SolutionGuid = {72D242F9-B4EE-4F65-A433-F6A4D39A8AA7}
	EndGlobalSection
EndGlobal
